
Microsoft Visual Studio Solution File, Format Version 12.00
# Visual Studio 15
VisualStudioVersion = 15.0.28307.271
MinimumVisualStudioVersion = 10.0.40219.1
Project("{FAE04EC0-301F-11D3-BF4B-00C04F79EFBC}") = "KartinaWebApp", "KartinaWebApp\KartinaWebApp.csproj", "{A13C2D53-77A8-45C7-880A-E87E2C231679}"
EndProject
Global
	GlobalSection(SolutionConfigurationPlatforms) = preSolution
		Debug|Any CPU = Debug|Any CPU
		Release|Any CPU = Release|Any CPU
	EndGlobalSection
	GlobalSection(ProjectConfigurationPlatforms) = postSolution
		{A13C2D53-77A8-45C7-880A-E87E2C231679}.Debug|Any CPU.ActiveCfg = Debug|Any CPU
		{A13C2D53-77A8-45C7-880A-E87E2C231679}.Debug|Any CPU.Build.0 = Debug|Any CPU
		{A13C2D53-77A8-45C7-880A-E87E2C231679}.Release|Any CPU.ActiveCfg = Release|Any CPU
		{A13C2D53-77A8-45C7-880A-E87E2C231679}.Release|Any CPU.Build.0 = Release|Any CPU
	EndGlobalSection
	GlobalSection(SolutionProperties) = preSolution
		HideSolutionNode = FALSE
	EndGlobalSection
	GlobalSection(ExtensibilityGlobals) = postSolution
		SolutionGuid = {6E67E183-23BB-474D-9CB4-2DCD701626B5}
	EndGlobalSection
EndGlobal
