
Microsoft Visual Studio Solution File, Format Version 12.00
# Visual Studio 15
VisualStudioVersion = 15.0.28010.2048
MinimumVisualStudioVersion = 10.0.40219.1
Project("{FAE04EC0-301F-11D3-BF4B-00C04F79EFBC}") = "Kartina", "Kartina\Kartina.csproj", "{F2F57611-F41C-42F3-8E70-F4C3009209D7}"
EndProject
Global
	GlobalSection(SolutionConfigurationPlatforms) = preSolution
		Debug|Any CPU = Debug|Any CPU
		Release|Any CPU = Release|Any CPU
	EndGlobalSection
	GlobalSection(ProjectConfigurationPlatforms) = postSolution
		{F2F57611-F41C-42F3-8E70-F4C3009209D7}.Debug|Any CPU.ActiveCfg = Debug|Any CPU
		{F2F57611-F41C-42F3-8E70-F4C3009209D7}.Debug|Any CPU.Build.0 = Debug|Any CPU
		{F2F57611-F41C-42F3-8E70-F4C3009209D7}.Release|Any CPU.ActiveCfg = Release|Any CPU
		{F2F57611-F41C-42F3-8E70-F4C3009209D7}.Release|Any CPU.Build.0 = Release|Any CPU
	EndGlobalSection
	GlobalSection(SolutionProperties) = preSolution
		HideSolutionNode = FALSE
	EndGlobalSection
	GlobalSection(ExtensibilityGlobals) = postSolution
		SolutionGuid = {F8634A19-4C6F-4356-B2AC-A9874D77DFE9}
	EndGlobalSection
EndGlobal
