
Microsoft Visual Studio Solution File, Format Version 12.00
# Visual Studio 15
VisualStudioVersion = 15.0.28010.2048
MinimumVisualStudioVersion = 10.0.40219.1
Project("{FAE04EC0-301F-11D3-BF4B-00C04F79EFBC}") = "KartinaMVC", "KartinaMVC\KartinaMVC.csproj", "{63FC4E7E-EEC3-41E8-A4F4-1A81E1DEF762}"
EndProject
Project("{2150E333-8FDC-42A3-9474-1A3956D46DE8}") = "LIBS", "LIBS", "{6C20A4E4-6197-4BAB-90B9-379ED232FC44}"
EndProject
Project("{2150E333-8FDC-42A3-9474-1A3956D46DE8}") = "UI", "UI", "{E4A53707-35CE-45CA-A3C6-C0A34AC52B31}"
EndProject
Global
	GlobalSection(SolutionConfigurationPlatforms) = preSolution
		Debug|Any CPU = Debug|Any CPU
		Release|Any CPU = Release|Any CPU
	EndGlobalSection
	GlobalSection(ProjectConfigurationPlatforms) = postSolution
		{63FC4E7E-EEC3-41E8-A4F4-1A81E1DEF762}.Debug|Any CPU.ActiveCfg = Debug|Any CPU
		{63FC4E7E-EEC3-41E8-A4F4-1A81E1DEF762}.Debug|Any CPU.Build.0 = Debug|Any CPU
		{63FC4E7E-EEC3-41E8-A4F4-1A81E1DEF762}.Release|Any CPU.ActiveCfg = Release|Any CPU
		{63FC4E7E-EEC3-41E8-A4F4-1A81E1DEF762}.Release|Any CPU.Build.0 = Release|Any CPU
	EndGlobalSection
	GlobalSection(SolutionProperties) = preSolution
		HideSolutionNode = FALSE
	EndGlobalSection
	GlobalSection(ExtensibilityGlobals) = postSolution
		SolutionGuid = {B4429C8E-8952-4855-A214-92B5FF5F5220}
	EndGlobalSection
EndGlobal
